
Microsoft Visual Studio Solution File, Format Version 12.00
# Visual Studio Version 16
VisualStudioVersion = 16.0.31701.291
MinimumVisualStudioVersion = 10.0.40219.1
Project("{8BC9CEB8-8B4A-11D0-8D11-00A0C91BC942}") = "j2.2", "j2.2.vcxproj", "{9051621E-C08A-4F65-8A0A-C71B42B7E1AD}"
EndProject
Global
	GlobalSection(SolutionConfigurationPlatforms) = preSolution
		Debug|x64 = Debug|x64
		Debug|x86 = Debug|x86
		Release|x64 = Release|x64
		Release|x86 = Release|x86
	EndGlobalSection
	GlobalSection(ProjectConfigurationPlatforms) = postSolution
		{9051621E-C08A-4F65-8A0A-C71B42B7E1AD}.Debug|x64.ActiveCfg = Debug|x64
		{9051621E-C08A-4F65-8A0A-C71B42B7E1AD}.Debug|x64.Build.0 = Debug|x64
		{9051621E-C08A-4F65-8A0A-C71B42B7E1AD}.Debug|x86.ActiveCfg = Debug|Win32
		{9051621E-C08A-4F65-8A0A-C71B42B7E1AD}.Debug|x86.Build.0 = Debug|Win32
		{9051621E-C08A-4F65-8A0A-C71B42B7E1AD}.Release|x64.ActiveCfg = Release|x64
		{9051621E-C08A-4F65-8A0A-C71B42B7E1AD}.Release|x64.Build.0 = Release|x64
		{9051621E-C08A-4F65-8A0A-C71B42B7E1AD}.Release|x86.ActiveCfg = Release|Win32
		{9051621E-C08A-4F65-8A0A-C71B42B7E1AD}.Release|x86.Build.0 = Release|Win32
	EndGlobalSection
	GlobalSection(SolutionProperties) = preSolution
		HideSolutionNode = FALSE
	EndGlobalSection
	GlobalSection(ExtensibilityGlobals) = postSolution
		SolutionGuid = {898E69FA-0F99-43C6-814D-94ED287C9FCF}
	EndGlobalSection
EndGlobal
