
Microsoft Visual Studio Solution File, Format Version 12.00
# Visual Studio Version 16
VisualStudioVersion = 16.0.31701.291
MinimumVisualStudioVersion = 10.0.40219.1
Project("{8BC9CEB8-8B4A-11D0-8D11-00A0C91BC942}") = "esercizio1v", "esercizio1v.vcxproj", "{305539A8-4DB5-462A-8F0A-11F619C2F8EA}"
EndProject
Global
	GlobalSection(SolutionConfigurationPlatforms) = preSolution
		Debug|x64 = Debug|x64
		Debug|x86 = Debug|x86
		Release|x64 = Release|x64
		Release|x86 = Release|x86
	EndGlobalSection
	GlobalSection(ProjectConfigurationPlatforms) = postSolution
		{305539A8-4DB5-462A-8F0A-11F619C2F8EA}.Debug|x64.ActiveCfg = Debug|x64
		{305539A8-4DB5-462A-8F0A-11F619C2F8EA}.Debug|x64.Build.0 = Debug|x64
		{305539A8-4DB5-462A-8F0A-11F619C2F8EA}.Debug|x86.ActiveCfg = Debug|Win32
		{305539A8-4DB5-462A-8F0A-11F619C2F8EA}.Debug|x86.Build.0 = Debug|Win32
		{305539A8-4DB5-462A-8F0A-11F619C2F8EA}.Release|x64.ActiveCfg = Release|x64
		{305539A8-4DB5-462A-8F0A-11F619C2F8EA}.Release|x64.Build.0 = Release|x64
		{305539A8-4DB5-462A-8F0A-11F619C2F8EA}.Release|x86.ActiveCfg = Release|Win32
		{305539A8-4DB5-462A-8F0A-11F619C2F8EA}.Release|x86.Build.0 = Release|Win32
	EndGlobalSection
	GlobalSection(SolutionProperties) = preSolution
		HideSolutionNode = FALSE
	EndGlobalSection
	GlobalSection(ExtensibilityGlobals) = postSolution
		SolutionGuid = {823028C3-9188-4FE5-8F71-09ECA0171D75}
	EndGlobalSection
EndGlobal
