
Microsoft Visual Studio Solution File, Format Version 12.00
# Visual Studio Version 17
VisualStudioVersion = 17.0.32014.148
MinimumVisualStudioVersion = 10.0.40219.1
Project("{8BC9CEB8-8B4A-11D0-8D11-00A0C91BC942}") = "esercizio3", "esercizio3.vcxproj", "{694ADFCB-CC93-4C24-981F-BDD318663479}"
EndProject
Global
	GlobalSection(SolutionConfigurationPlatforms) = preSolution
		Debug|x64 = Debug|x64
		Debug|x86 = Debug|x86
		Release|x64 = Release|x64
		Release|x86 = Release|x86
	EndGlobalSection
	GlobalSection(ProjectConfigurationPlatforms) = postSolution
		{694ADFCB-CC93-4C24-981F-BDD318663479}.Debug|x64.ActiveCfg = Debug|x64
		{694ADFCB-CC93-4C24-981F-BDD318663479}.Debug|x64.Build.0 = Debug|x64
		{694ADFCB-CC93-4C24-981F-BDD318663479}.Debug|x86.ActiveCfg = Debug|Win32
		{694ADFCB-CC93-4C24-981F-BDD318663479}.Debug|x86.Build.0 = Debug|Win32
		{694ADFCB-CC93-4C24-981F-BDD318663479}.Release|x64.ActiveCfg = Release|x64
		{694ADFCB-CC93-4C24-981F-BDD318663479}.Release|x64.Build.0 = Release|x64
		{694ADFCB-CC93-4C24-981F-BDD318663479}.Release|x86.ActiveCfg = Release|Win32
		{694ADFCB-CC93-4C24-981F-BDD318663479}.Release|x86.Build.0 = Release|Win32
	EndGlobalSection
	GlobalSection(SolutionProperties) = preSolution
		HideSolutionNode = FALSE
	EndGlobalSection
	GlobalSection(ExtensibilityGlobals) = postSolution
		SolutionGuid = {6190E099-726B-4275-8478-E0F343DB76DB}
	EndGlobalSection
EndGlobal
