
Microsoft Visual Studio Solution File, Format Version 12.00
# Visual Studio Version 16
VisualStudioVersion = 16.0.31701.291
MinimumVisualStudioVersion = 10.0.40219.1
Project("{8BC9CEB8-8B4A-11D0-8D11-00A0C91BC942}") = "max_port10", "max_port10.vcxproj", "{22C53F2B-2CC4-424A-B493-488CA213ED67}"
EndProject
Global
	GlobalSection(SolutionConfigurationPlatforms) = preSolution
		Debug|x64 = Debug|x64
		Debug|x86 = Debug|x86
		Release|x64 = Release|x64
		Release|x86 = Release|x86
	EndGlobalSection
	GlobalSection(ProjectConfigurationPlatforms) = postSolution
		{22C53F2B-2CC4-424A-B493-488CA213ED67}.Debug|x64.ActiveCfg = Debug|x64
		{22C53F2B-2CC4-424A-B493-488CA213ED67}.Debug|x64.Build.0 = Debug|x64
		{22C53F2B-2CC4-424A-B493-488CA213ED67}.Debug|x86.ActiveCfg = Debug|Win32
		{22C53F2B-2CC4-424A-B493-488CA213ED67}.Debug|x86.Build.0 = Debug|Win32
		{22C53F2B-2CC4-424A-B493-488CA213ED67}.Release|x64.ActiveCfg = Release|x64
		{22C53F2B-2CC4-424A-B493-488CA213ED67}.Release|x64.Build.0 = Release|x64
		{22C53F2B-2CC4-424A-B493-488CA213ED67}.Release|x86.ActiveCfg = Release|Win32
		{22C53F2B-2CC4-424A-B493-488CA213ED67}.Release|x86.Build.0 = Release|Win32
	EndGlobalSection
	GlobalSection(SolutionProperties) = preSolution
		HideSolutionNode = FALSE
	EndGlobalSection
	GlobalSection(ExtensibilityGlobals) = postSolution
		SolutionGuid = {1E85B44B-E6B0-46EA-9A8D-978B04D6D533}
	EndGlobalSection
EndGlobal
